{
    "_readme": [
        "This file locks the dependencies of your project to a known state",
        "Read more about it at https://getcomposer.org/doc/01-basic-usage.md#installing-dependencies",
        "This file is @generated automatically"
    ],
    "content-hash": "15d5e6506dccc62e137ab8028b61944e",
    "packages": [
        {
            "name": "phpmyadmin/sql-parser",
            "version": "dev-master",
            "source": {
                "type": "git",
                "url": "https://github.com/phpmyadmin/sql-parser.git",
                "reference": "3416ccf8d6d068e54136a27c726bf305a864cb62"
            },
            "dist": {
                "type": "zip",
                "url": "https://api.github.com/repos/phpmyadmin/sql-parser/zipball/3416ccf8d6d068e54136a27c726bf305a864cb62",
                "reference": "3416ccf8d6d068e54136a27c726bf305a864cb62",
                "shasum": ""
            },
            "require": {
                "php": "^8.1",
                "symfony/polyfill-mbstring": "^1.24"
            },
            "conflict": {
                "phpmyadmin/motranslator": "<5.2"
            },
            "require-dev": {
                "phpbench/phpbench": "^1.2",
                "phpmyadmin/coding-standard": "^4.0",
                "phpmyadmin/motranslator": "^5.3",
                "phpstan/extension-installer": "^1.2",
                "phpstan/phpstan": "^1.10",
                "phpstan/phpstan-phpunit": "^1.3",
                "phpunit/phpunit": "^10.0",
                "psalm/plugin-phpunit": "^0.18.4",
                "vimeo/psalm": "^5.7",
                "zumba/json-serializer": "^3.2"
            },
            "suggest": {
                "ext-mbstring": "For best performance",
                "phpmyadmin/motranslator": "Translate messages to your favorite locale"
            },
            "default-branch": true,
            "bin": [
                "bin/highlight-query",
                "bin/lint-query",
                "bin/sql-parser",
                "bin/tokenize-query"
            ],
            "type": "library",
            "extra": {
                "branch-alias": {
                    "dev-master": "6.0-dev"
                }
            },
            "autoload": {
                "psr-4": {
                    "PhpMyAdmin\\SqlParser\\": "src"
                }
            },
            "notification-url": "https://packagist.org/downloads/",
            "license": [
                "GPL-2.0-or-later"
            ],
            "authors": [
                {
                    "name": "The phpMyAdmin Team",
                    "email": "developers@phpmyadmin.net",
                    "homepage": "https://www.phpmyadmin.net/team/"
                }
            ],
            "description": "A validating SQL lexer and parser with a focus on MySQL dialect.",
            "homepage": "https://github.com/phpmyadmin/sql-parser",
            "keywords": [
                "analysis",
                "lexer",
                "parser",
                "query linter",
                "sql",
                "sql lexer",
                "sql linter",
                "sql parser",
                "sql syntax highlighter",
                "sql tokenizer"
            ],
            "support": {
                "issues": "https://github.com/phpmyadmin/sql-parser/issues",
                "source": "https://github.com/phpmyadmin/sql-parser"
            },
            "funding": [
                {
                    "url": "https://www.phpmyadmin.net/donate/",
                    "type": "other"
                }
            ],
            "time": "2024-05-23T14:00:28+00:00"
        },
        {
            "name": "rybakit/msgpack",
            "version": "dev-master",
            "source": {
                "type": "git",
                "url": "https://github.com/rybakit/msgpack.php.git",
                "reference": "8e44ae093272d33019f378d697446e6af883f831"
            },
            "dist": {
                "type": "zip",
                "url": "https://api.github.com/repos/rybakit/msgpack.php/zipball/8e44ae093272d33019f378d697446e6af883f831",
                "reference": "8e44ae093272d33019f378d697446e6af883f831",
                "shasum": ""
            },
            "require": {
                "php": "^7.1.1|^8"
            },
            "require-dev": {
                "ext-gmp": "*",
                "friendsofphp/php-cs-fixer": "^2.14",
                "phpunit/phpunit": "^7.1|^8|^9",
                "vimeo/psalm": "^3.9|^4"
            },
            "suggest": {
                "ext-decimal": "For converting overflowed integers to Decimal objects",
                "ext-gmp": "For converting overflowed integers to GMP objects"
            },
            "default-branch": true,
            "type": "library",
            "autoload": {
                "psr-4": {
                    "MessagePack\\": "src/"
                }
            },
            "notification-url": "https://packagist.org/downloads/",
            "license": [
                "MIT"
            ],
            "authors": [
                {
                    "name": "Eugene Leonovich",
                    "email": "gen.work@gmail.com"
                }
            ],
            "description": "A pure PHP implementation of the MessagePack serialization format.",
            "keywords": [
                "messagepack",
                "msgpack",
                "pure",
                "streaming"
            ],
            "support": {
                "issues": "https://github.com/rybakit/msgpack.php/issues",
                "source": "https://github.com/rybakit/msgpack.php/tree/master"
            },
            "funding": [
                {
                    "url": "https://github.com/rybakit",
                    "type": "github"
                }
            ],
            "time": "2023-06-18T20:24:36+00:00"
        },
        {
            "name": "symfony/polyfill-mbstring",
            "version": "1.x-dev",
            "source": {
                "type": "git",
                "url": "https://github.com/symfony/polyfill-mbstring.git",
                "reference": "e642fbe7a7b73cdb05460555289a9057bfd6ead6"
            },
            "dist": {
                "type": "zip",
                "url": "https://api.github.com/repos/symfony/polyfill-mbstring/zipball/e642fbe7a7b73cdb05460555289a9057bfd6ead6",
                "reference": "e642fbe7a7b73cdb05460555289a9057bfd6ead6",
                "shasum": ""
            },
            "require": {
                "php": ">=7.1"
            },
            "provide": {
                "ext-mbstring": "*"
            },
            "suggest": {
                "ext-mbstring": "For best performance"
            },
            "default-branch": true,
            "type": "library",
            "extra": {
                "thanks": {
                    "name": "symfony/polyfill",
                    "url": "https://github.com/symfony/polyfill"
                }
            },
            "autoload": {
                "files": [
                    "bootstrap.php"
                ],
                "psr-4": {
                    "Symfony\\Polyfill\\Mbstring\\": ""
                }
            },
            "notification-url": "https://packagist.org/downloads/",
            "license": [
                "MIT"
            ],
            "authors": [
                {
                    "name": "Nicolas Grekas",
                    "email": "p@tchwork.com"
                },
                {
                    "name": "Symfony Community",
                    "homepage": "https://symfony.com/contributors"
                }
            ],
            "description": "Symfony polyfill for the Mbstring extension",
            "homepage": "https://symfony.com",
            "keywords": [
                "compatibility",
                "mbstring",
                "polyfill",
                "portable",
                "shim"
            ],
            "support": {
                "source": "https://github.com/symfony/polyfill-mbstring/tree/1.x"
            },
            "funding": [
                {
                    "url": "https://symfony.com/sponsor",
                    "type": "custom"
                },
                {
                    "url": "https://github.com/fabpot",
                    "type": "github"
                },
                {
                    "url": "https://tidelift.com/funding/github/packagist/symfony/symfony",
                    "type": "tidelift"
                }
            ],
            "time": "2024-04-19T06:31:17+00:00"
        }
    ],
    "packages-dev": [],
    "aliases": [],
    "minimum-stability": "dev",
    "stability-flags": {
        "phpmyadmin/sql-parser": 20
    },
    "prefer-stable": false,
    "prefer-lowest": false,
    "platform": [],
    "platform-dev": [],
    "plugin-api-version": "2.6.0"
}
